PODS:
  - Alamofire (4.8.2)
  - Differentiator (3.1.0)
  - Nimble (8.0.1)
  - Quick (2.0.0)
  - RxAlamofire (4.4.0):
    - RxAlamofire/Core (= 4.4.0)
  - RxAlamofire/Core (4.4.0):
    - Alamofire (~> 4.8)
    - RxSwift (~> 4.4)
  - RxBlocking (4.5.0):
    - RxSwift (>= 4.4.2, ~> 4.4)
  - RxCocoa (4.5.0):
    - RxSwift (>= 4.4.2, ~> 4.4)
  - RxDataSources (3.1.0):
    - Differentiator (~> 3.0)
    - RxCocoa (~> 4.0)
    - RxSwift (~> 4.0)
  - RxSwift (4.5.0)

DEPENDENCIES:
  - Nimble
  - Quick
  - RxAlamofire
  - RxBlocking
  - RxCocoa
  - RxDataSources
  - RxSwift

SPEC REPOS:
  https://github.com/cocoapods/specs.git:
    - Alamofire
    - Differentiator
    - Nimble
    - Quick
    - RxAlamofire
    - RxBlocking
    - RxCocoa
    - RxDataSources
    - RxSwift

SPEC CHECKSUMS:
  Alamofire: ae5c501addb7afdbb13687d7f2f722c78734c2d3
  Differentiator: be49ca3408f0ecfc761e4c7763d20c62be01b9ad
  Nimble: 45f786ae66faa9a709624227fae502db55a8bdd0
  Quick: ce1276c7c27ba2da3cb2fd0cde053c3648b3b22d
  RxAlamofire: ecc5e458ee11250938d23360179eb3a37cd3ee1e
  RxBlocking: 79413e4d916f44bb3e113c5b2cc059e36fe58910
  RxCocoa: cbf70265dc65a981d4ac982e513c10cf23df24a0
  RxDataSources: a843bad90c29817f5923ec8163f4af2de084ceb3
  RxSwift: f172070dfd1a93d70a9ab97a5a01166206e1c575

PODFILE CHECKSUM: 1e21a3bdbe55ae46078593266b55278287577267

COCOAPODS: 1.6.0
