// !$*UTF8*$!
{
	archiveVersion = 1;
	classes = {
	};
	objectVersion = 50;
	objects = {

/* Begin PBXBuildFile section */
		2ADDE8838AAA4A1B7B68C6C3 /* Pods_PirateShips.framework in Frameworks */ = {isa = PBXBuildFile; fileRef = 898095CDBBCB04E8C95863AE /* Pods_PirateShips.framework */; };
		58B6BADC5081A690E6D185A0 /* Pods_PirateShipsTests.framework in Frameworks */ = {isa = PBXBuildFile; fileRef = 1550D6381B723E1B6B2699BA /* Pods_PirateShipsTests.framework */; };
		FE1312EE227457AD000264CC /* UICollectionView+extensions.swift in Sources */ = {isa = PBXBuildFile; fileRef = FE1312ED227457AD000264CC /* UICollectionView+extensions.swift */; };
		FE1312F0227457E3000264CC /* ShipsListViewModel.swift in Sources */ = {isa = PBXBuildFile; fileRef = FE1312EF227457E3000264CC /* ShipsListViewModel.swift */; };
		FE1312F2227457F2000264CC /* ShipsListViewController.swift in Sources */ = {isa = PBXBuildFile; fileRef = FE1312F1227457F2000264CC /* ShipsListViewController.swift */; };
		FE1312F422745800000264CC /* ShipsListModel.swift in Sources */ = {isa = PBXBuildFile; fileRef = FE1312F322745800000264CC /* ShipsListModel.swift */; };
		FE1312F82274587F000264CC /* ShipCollectionViewCell.swift in Sources */ = {isa = PBXBuildFile; fileRef = FE1312F62274587F000264CC /* ShipCollectionViewCell.swift */; };
		FE1312F92274587F000264CC /* ShipCollectionViewCell.xib in Resources */ = {isa = PBXBuildFile; fileRef = FE1312F72274587F000264CC /* ShipCollectionViewCell.xib */; };
		FE1312FC22745EDC000264CC /* GetShipsResponse.swift in Sources */ = {isa = PBXBuildFile; fileRef = FE1312FB22745EDC000264CC /* GetShipsResponse.swift */; };
		FE1312FF2274CEA6000264CC /* PinterestLayout.swift in Sources */ = {isa = PBXBuildFile; fileRef = FE1312FE2274CEA6000264CC /* PinterestLayout.swift */; };
		FEAD176322758FDE000157C1 /* FileService.swift in Sources */ = {isa = PBXBuildFile; fileRef = FEAD176222758FDE000157C1 /* FileService.swift */; };
		FEAD176622759ABA000157C1 /* ImageHandlerFacade.swift in Sources */ = {isa = PBXBuildFile; fileRef = FEAD176522759ABA000157C1 /* ImageHandlerFacade.swift */; };
		FEAD17682275BCBC000157C1 /* UIImage+extensions.swift in Sources */ = {isa = PBXBuildFile; fileRef = FEAD17672275BCBC000157C1 /* UIImage+extensions.swift */; };
		FEAD176C2275F7BB000157C1 /* ShipDetailsViewController.m in Sources */ = {isa = PBXBuildFile; fileRef = FEAD176B2275F7BB000157C1 /* ShipDetailsViewController.m */; };
		FEAD176F2275F812000157C1 /* ShipDetailsViewModel.m in Sources */ = {isa = PBXBuildFile; fileRef = FEAD176E2275F812000157C1 /* ShipDetailsViewModel.m */; };
		FEAD17712275F826000157C1 /* ShipDetailsCoordinator.swift in Sources */ = {isa = PBXBuildFile; fileRef = FEAD17702275F826000157C1 /* ShipDetailsCoordinator.swift */; };
		FEAD17742275FC66000157C1 /* ShipDetails.m in Sources */ = {isa = PBXBuildFile; fileRef = FEAD17732275FC66000157C1 /* ShipDetails.m */; };
		FEAD177622760AC8000157C1 /* UIView+extensions.swift in Sources */ = {isa = PBXBuildFile; fileRef = FEAD177522760AC8000157C1 /* UIView+extensions.swift */; };
		FEDB9C1F227446D300206F4B /* AppDelegate.swift in Sources */ = {isa = PBXBuildFile; fileRef = FEDB9C1E227446D300206F4B /* AppDelegate.swift */; };
		FEDB9C24227446D300206F4B /* Main.storyboard in Resources */ = {isa = PBXBuildFile; fileRef = FEDB9C22227446D300206F4B /* Main.storyboard */; };
		FEDB9C26227446D500206F4B /* Assets.xcassets in Resources */ = {isa = PBXBuildFile; fileRef = FEDB9C25227446D500206F4B /* Assets.xcassets */; };
		FEDB9C29227446D500206F4B /* LaunchScreen.storyboard in Resources */ = {isa = PBXBuildFile; fileRef = FEDB9C27227446D500206F4B /* LaunchScreen.storyboard */; };
		FEDB9C5822744E3F00206F4B /* PirateShipsTests.swift in Sources */ = {isa = PBXBuildFile; fileRef = FEDB9C5722744E3F00206F4B /* PirateShipsTests.swift */; };
		FEDB9C6122744ED700206F4B /* MainCoordinator.swift in Sources */ = {isa = PBXBuildFile; fileRef = FEDB9C6022744ED700206F4B /* MainCoordinator.swift */; };
		FEDB9C6322744F1300206F4B /* Coordinator.swift in Sources */ = {isa = PBXBuildFile; fileRef = FEDB9C6222744F1300206F4B /* Coordinator.swift */; };
		FEDB9C6622744F4E00206F4B /* GenericError.swift in Sources */ = {isa = PBXBuildFile; fileRef = FEDB9C6522744F4E00206F4B /* GenericError.swift */; };
		FEDB9C6922744FA800206F4B /* UIViewController+extensions.swift in Sources */ = {isa = PBXBuildFile; fileRef = FEDB9C6822744FA800206F4B /* UIViewController+extensions.swift */; };
		FEDB9C6B22744FBF00206F4B /* String+extensions.swift in Sources */ = {isa = PBXBuildFile; fileRef = FEDB9C6A22744FBF00206F4B /* String+extensions.swift */; };
		FEDB9C6F2274500B00206F4B /* Ship.swift in Sources */ = {isa = PBXBuildFile; fileRef = FEDB9C6E2274500B00206F4B /* Ship.swift */; };
		FEDB9C712274503400206F4B /* URLRouter.swift in Sources */ = {isa = PBXBuildFile; fileRef = FEDB9C702274503400206F4B /* URLRouter.swift */; };
		FEDB9C732274503D00206F4B /* NetworkService.swift in Sources */ = {isa = PBXBuildFile; fileRef = FEDB9C722274503D00206F4B /* NetworkService.swift */; };
		FEDB9C752274504600206F4B /* RequestRealizer.swift in Sources */ = {isa = PBXBuildFile; fileRef = FEDB9C742274504600206F4B /* RequestRealizer.swift */; };
		FEDB9C88227452AF00206F4B /* BaseViewModel.swift in Sources */ = {isa = PBXBuildFile; fileRef = FEDB9C87227452AF00206F4B /* BaseViewModel.swift */; };
		FEDB9C8A227452C700206F4B /* BaseViewController.swift in Sources */ = {isa = PBXBuildFile; fileRef = FEDB9C89227452C700206F4B /* BaseViewController.swift */; };
		FEDB9C8C2274530100206F4B /* BaseViewController+extensions.swift in Sources */ = {isa = PBXBuildFile; fileRef = FEDB9C8B2274530100206F4B /* BaseViewController+extensions.swift */; };
		FEDB9C8E2274532700206F4B /* ShipsListCoordinator.swift in Sources */ = {isa = PBXBuildFile; fileRef = FEDB9C8D2274532700206F4B /* ShipsListCoordinator.swift */; };
/* End PBXBuildFile section */

/* Begin PBXContainerItemProxy section */
		FEDB9C5A22744E3F00206F4B /* PBXContainerItemProxy */ = {
			isa = PBXContainerItemProxy;
			containerPortal = FEDB9C13227446D300206F4B /* Project object */;
			proxyType = 1;
			remoteGlobalIDString = FEDB9C1A227446D300206F4B;
			remoteInfo = PirateShips;
		};
/* End PBXContainerItemProxy section */

/* Begin PBXFileReference section */
		1550D6381B723E1B6B2699BA /* Pods_PirateShipsTests.framework */ = {isa = PBXFileReference; explicitFileType = wrapper.framework; includeInIndex = 0; path = Pods_PirateShipsTests.framework; sourceTree = BUILT_PRODUCTS_DIR; };
		3ECACBAEB62290FF065BEE7B /* Pods-PirateShipsTests.debug.xcconfig */ = {isa = PBXFileReference; includeInIndex = 1; lastKnownFileType = text.xcconfig; name = "Pods-PirateShipsTests.debug.xcconfig"; path = "Target Support Files/Pods-PirateShipsTests/Pods-PirateShipsTests.debug.xcconfig"; sourceTree = "<group>"; };
		7233E3AACF7FFD1A7D1AC7EC /* Pods-PirateShips.release.xcconfig */ = {isa = PBXFileReference; includeInIndex = 1; lastKnownFileType = text.xcconfig; name = "Pods-PirateShips.release.xcconfig"; path = "Target Support Files/Pods-PirateShips/Pods-PirateShips.release.xcconfig"; sourceTree = "<group>"; };
		82FFF1667E924CF3DD159455 /* Pods-PirateShips.debug.xcconfig */ = {isa = PBXFileReference; includeInIndex = 1; lastKnownFileType = text.xcconfig; name = "Pods-PirateShips.debug.xcconfig"; path = "Target Support Files/Pods-PirateShips/Pods-PirateShips.debug.xcconfig"; sourceTree = "<group>"; };
		898095CDBBCB04E8C95863AE /* Pods_PirateShips.framework */ = {isa = PBXFileReference; explicitFileType = wrapper.framework; includeInIndex = 0; path = Pods_PirateShips.framework; sourceTree = BUILT_PRODUCTS_DIR; };
		E2A504F181BC3A383B488424 /* Pods-PirateShipsTests.release.xcconfig */ = {isa = PBXFileReference; includeInIndex = 1; lastKnownFileType = text.xcconfig; name = "Pods-PirateShipsTests.release.xcconfig"; path = "Target Support Files/Pods-PirateShipsTests/Pods-PirateShipsTests.release.xcconfig"; sourceTree = "<group>"; };
		FE1312ED227457AD000264CC /* UICollectionView+extensions.swift */ = {isa = PBXFileReference; lastKnownFileType = sourcecode.swift; path = "UICollectionView+extensions.swift"; sourceTree = "<group>"; };
		FE1312EF227457E3000264CC /* ShipsListViewModel.swift */ = {isa = PBXFileReference; lastKnownFileType = sourcecode.swift; path = ShipsListViewModel.swift; sourceTree = "<group>"; };
		FE1312F1227457F2000264CC /* ShipsListViewController.swift */ = {isa = PBXFileReference; lastKnownFileType = sourcecode.swift; path = ShipsListViewController.swift; sourceTree = "<group>"; };
		FE1312F322745800000264CC /* ShipsListModel.swift */ = {isa = PBXFileReference; lastKnownFileType = sourcecode.swift; path = ShipsListModel.swift; sourceTree = "<group>"; };
		FE1312F62274587F000264CC /* ShipCollectionViewCell.swift */ = {isa = PBXFileReference; lastKnownFileType = sourcecode.swift; path = ShipCollectionViewCell.swift; sourceTree = "<group>"; };
		FE1312F72274587F000264CC /* ShipCollectionViewCell.xib */ = {isa = PBXFileReference; lastKnownFileType = file.xib; path = ShipCollectionViewCell.xib; sourceTree = "<group>"; };
		FE1312FB22745EDC000264CC /* GetShipsResponse.swift */ = {isa = PBXFileReference; lastKnownFileType = sourcecode.swift; path = GetShipsResponse.swift; sourceTree = "<group>"; };
		FE1312FE2274CEA6000264CC /* PinterestLayout.swift */ = {isa = PBXFileReference; lastKnownFileType = sourcecode.swift; path = PinterestLayout.swift; sourceTree = "<group>"; };
		FEAD176222758FDE000157C1 /* FileService.swift */ = {isa = PBXFileReference; lastKnownFileType = sourcecode.swift; path = FileService.swift; sourceTree = "<group>"; };
		FEAD176522759ABA000157C1 /* ImageHandlerFacade.swift */ = {isa = PBXFileReference; lastKnownFileType = sourcecode.swift; path = ImageHandlerFacade.swift; sourceTree = "<group>"; };
		FEAD17672275BCBC000157C1 /* UIImage+extensions.swift */ = {isa = PBXFileReference; lastKnownFileType = sourcecode.swift; path = "UIImage+extensions.swift"; sourceTree = "<group>"; };
		FEAD17692275F7BB000157C1 /* PirateShips-Bridging-Header.h */ = {isa = PBXFileReference; lastKnownFileType = sourcecode.c.h; path = "PirateShips-Bridging-Header.h"; sourceTree = "<group>"; };
		FEAD176A2275F7BB000157C1 /* ShipDetailsViewController.h */ = {isa = PBXFileReference; lastKnownFileType = sourcecode.c.h; path = ShipDetailsViewController.h; sourceTree = "<group>"; };
		FEAD176B2275F7BB000157C1 /* ShipDetailsViewController.m */ = {isa = PBXFileReference; lastKnownFileType = sourcecode.c.objc; path = ShipDetailsViewController.m; sourceTree = "<group>"; };
		FEAD176D2275F812000157C1 /* ShipDetailsViewModel.h */ = {isa = PBXFileReference; lastKnownFileType = sourcecode.c.h; path = ShipDetailsViewModel.h; sourceTree = "<group>"; };
		FEAD176E2275F812000157C1 /* ShipDetailsViewModel.m */ = {isa = PBXFileReference; lastKnownFileType = sourcecode.c.objc; path = ShipDetailsViewModel.m; sourceTree = "<group>"; };
		FEAD17702275F826000157C1 /* ShipDetailsCoordinator.swift */ = {isa = PBXFileReference; lastKnownFileType = sourcecode.swift; path = ShipDetailsCoordinator.swift; sourceTree = "<group>"; };
		FEAD17722275FC66000157C1 /* ShipDetails.h */ = {isa = PBXFileReference; lastKnownFileType = sourcecode.c.h; path = ShipDetails.h; sourceTree = "<group>"; };
		FEAD17732275FC66000157C1 /* ShipDetails.m */ = {isa = PBXFileReference; lastKnownFileType = sourcecode.c.objc; path = ShipDetails.m; sourceTree = "<group>"; };
		FEAD177522760AC8000157C1 /* UIView+extensions.swift */ = {isa = PBXFileReference; lastKnownFileType = sourcecode.swift; path = "UIView+extensions.swift"; sourceTree = "<group>"; };
		FEDB9C1B227446D300206F4B /* PirateShips.app */ = {isa = PBXFileReference; explicitFileType = wrapper.application; includeInIndex = 0; path = PirateShips.app; sourceTree = BUILT_PRODUCTS_DIR; };
		FEDB9C1E227446D300206F4B /* AppDelegate.swift */ = {isa = PBXFileReference; lastKnownFileType = sourcecode.swift; path = AppDelegate.swift; sourceTree = "<group>"; };
		FEDB9C23227446D300206F4B /* Base */ = {isa = PBXFileReference; lastKnownFileType = file.storyboard; name = Base; path = Base.lproj/Main.storyboard; sourceTree = "<group>"; };
		FEDB9C25227446D500206F4B /* Assets.xcassets */ = {isa = PBXFileReference; lastKnownFileType = folder.assetcatalog; path = Assets.xcassets; sourceTree = "<group>"; };
		FEDB9C28227446D500206F4B /* Base */ = {isa = PBXFileReference; lastKnownFileType = file.storyboard; name = Base; path = Base.lproj/LaunchScreen.storyboard; sourceTree = "<group>"; };
		FEDB9C2A227446D500206F4B /* Info.plist */ = {isa = PBXFileReference; lastKnownFileType = text.plist.xml; path = Info.plist; sourceTree = "<group>"; };
		FEDB9C5522744E3F00206F4B /* PirateShipsTests.xctest */ = {isa = PBXFileReference; explicitFileType = wrapper.cfbundle; includeInIndex = 0; path = PirateShipsTests.xctest; sourceTree = BUILT_PRODUCTS_DIR; };
		FEDB9C5722744E3F00206F4B /* PirateShipsTests.swift */ = {isa = PBXFileReference; lastKnownFileType = sourcecode.swift; path = PirateShipsTests.swift; sourceTree = "<group>"; };
		FEDB9C5922744E3F00206F4B /* Info.plist */ = {isa = PBXFileReference; lastKnownFileType = text.plist.xml; path = Info.plist; sourceTree = "<group>"; };
		FEDB9C6022744ED700206F4B /* MainCoordinator.swift */ = {isa = PBXFileReference; lastKnownFileType = sourcecode.swift; path = MainCoordinator.swift; sourceTree = "<group>"; };
		FEDB9C6222744F1300206F4B /* Coordinator.swift */ = {isa = PBXFileReference; lastKnownFileType = sourcecode.swift; path = Coordinator.swift; sourceTree = "<group>"; };
		FEDB9C6522744F4E00206F4B /* GenericError.swift */ = {isa = PBXFileReference; lastKnownFileType = sourcecode.swift; path = GenericError.swift; sourceTree = "<group>"; };
		FEDB9C6822744FA800206F4B /* UIViewController+extensions.swift */ = {isa = PBXFileReference; lastKnownFileType = sourcecode.swift; path = "UIViewController+extensions.swift"; sourceTree = "<group>"; };
		FEDB9C6A22744FBF00206F4B /* String+extensions.swift */ = {isa = PBXFileReference; lastKnownFileType = sourcecode.swift; path = "String+extensions.swift"; sourceTree = "<group>"; };
		FEDB9C6E2274500B00206F4B /* Ship.swift */ = {isa = PBXFileReference; lastKnownFileType = sourcecode.swift; path = Ship.swift; sourceTree = "<group>"; };
		FEDB9C702274503400206F4B /* URLRouter.swift */ = {isa = PBXFileReference; lastKnownFileType = sourcecode.swift; path = URLRouter.swift; sourceTree = "<group>"; };
		FEDB9C722274503D00206F4B /* NetworkService.swift */ = {isa = PBXFileReference; lastKnownFileType = sourcecode.swift; path = NetworkService.swift; sourceTree = "<group>"; };
		FEDB9C742274504600206F4B /* RequestRealizer.swift */ = {isa = PBXFileReference; lastKnownFileType = sourcecode.swift; path = RequestRealizer.swift; sourceTree = "<group>"; };
		FEDB9C87227452AF00206F4B /* BaseViewModel.swift */ = {isa = PBXFileReference; lastKnownFileType = sourcecode.swift; path = BaseViewModel.swift; sourceTree = "<group>"; };
		FEDB9C89227452C700206F4B /* BaseViewController.swift */ = {isa = PBXFileReference; lastKnownFileType = sourcecode.swift; path = BaseViewController.swift; sourceTree = "<group>"; };
		FEDB9C8B2274530100206F4B /* BaseViewController+extensions.swift */ = {isa = PBXFileReference; lastKnownFileType = sourcecode.swift; path = "BaseViewController+extensions.swift"; sourceTree = "<group>"; };
		FEDB9C8D2274532700206F4B /* ShipsListCoordinator.swift */ = {isa = PBXFileReference; lastKnownFileType = sourcecode.swift; path = ShipsListCoordinator.swift; sourceTree = "<group>"; };
/* End PBXFileReference section */

/* Begin PBXFrameworksBuildPhase section */
		FEDB9C18227446D300206F4B /* Frameworks */ = {
			isa = PBXFrameworksBuildPhase;
			buildActionMask = 2147483647;
			files = (
				2ADDE8838AAA4A1B7B68C6C3 /* Pods_PirateShips.framework in Frameworks */,
			);
			runOnlyForDeploymentPostprocessing = 0;
		};
		FEDB9C5222744E3F00206F4B /* Frameworks */ = {
			isa = PBXFrameworksBuildPhase;
			buildActionMask = 2147483647;
			files = (
				58B6BADC5081A690E6D185A0 /* Pods_PirateShipsTests.framework in Frameworks */,
			);
			runOnlyForDeploymentPostprocessing = 0;
		};
/* End PBXFrameworksBuildPhase section */

/* Begin PBXGroup section */
		01C710B71DD84E8E44A752C5 /* Frameworks */ = {
			isa = PBXGroup;
			children = (
				898095CDBBCB04E8C95863AE /* Pods_PirateShips.framework */,
				1550D6381B723E1B6B2699BA /* Pods_PirateShipsTests.framework */,
			);
			name = Frameworks;
			sourceTree = "<group>";
		};
		F7BC38C47105FF5713C6D6A6 /* Pods */ = {
			isa = PBXGroup;
			children = (
				82FFF1667E924CF3DD159455 /* Pods-PirateShips.debug.xcconfig */,
				7233E3AACF7FFD1A7D1AC7EC /* Pods-PirateShips.release.xcconfig */,
				3ECACBAEB62290FF065BEE7B /* Pods-PirateShipsTests.debug.xcconfig */,
				E2A504F181BC3A383B488424 /* Pods-PirateShipsTests.release.xcconfig */,
			);
			path = Pods;
			sourceTree = "<group>";
		};
		FE1312F522745860000264CC /* Cells */ = {
			isa = PBXGroup;
			children = (
				FE1312F62274587F000264CC /* ShipCollectionViewCell.swift */,
				FE1312F72274587F000264CC /* ShipCollectionViewCell.xib */,
			);
			path = Cells;
			sourceTree = "<group>";
		};
		FE1312FA22745ECC000264CC /* Responses */ = {
			isa = PBXGroup;
			children = (
				FE1312FB22745EDC000264CC /* GetShipsResponse.swift */,
			);
			path = Responses;
			sourceTree = "<group>";
		};
		FE1312FD2274CE78000264CC /* Layouts */ = {
			isa = PBXGroup;
			children = (
				FE1312FE2274CEA6000264CC /* PinterestLayout.swift */,
			);
			path = Layouts;
			sourceTree = "<group>";
		};
		FEAD176122758F97000157C1 /* FileSystem */ = {
			isa = PBXGroup;
			children = (
				FEAD176222758FDE000157C1 /* FileService.swift */,
			);
			path = FileSystem;
			sourceTree = "<group>";
		};
		FEAD176422759A91000157C1 /* Facades */ = {
			isa = PBXGroup;
			children = (
				FEAD176522759ABA000157C1 /* ImageHandlerFacade.swift */,
			);
			path = Facades;
			sourceTree = "<group>";
		};
		FEDB9C12227446D300206F4B = {
			isa = PBXGroup;
			children = (
				FEDB9C1D227446D300206F4B /* PirateShips */,
				FEDB9C5622744E3F00206F4B /* PirateShipsTests */,
				FEDB9C1C227446D300206F4B /* Products */,
				F7BC38C47105FF5713C6D6A6 /* Pods */,
				01C710B71DD84E8E44A752C5 /* Frameworks */,
			);
			sourceTree = "<group>";
		};
		FEDB9C1C227446D300206F4B /* Products */ = {
			isa = PBXGroup;
			children = (
				FEDB9C1B227446D300206F4B /* PirateShips.app */,
				FEDB9C5522744E3F00206F4B /* PirateShipsTests.xctest */,
			);
			name = Products;
			sourceTree = "<group>";
		};
		FEDB9C1D227446D300206F4B /* PirateShips */ = {
			isa = PBXGroup;
			children = (
				FEDB9C1E227446D300206F4B /* AppDelegate.swift */,
				FEDB9C5F22744EC800206F4B /* Coordinators */,
				FEDB9C4022744A3D00206F4B /* Scenes */,
				FEDB9C6422744F3900206F4B /* Services */,
				FEAD176422759A91000157C1 /* Facades */,
				FEDB9C30227449A000206F4B /* Supporting Files */,
			);
			path = PirateShips;
			sourceTree = "<group>";
		};
		FEDB9C30227449A000206F4B /* Supporting Files */ = {
			isa = PBXGroup;
			children = (
				FEDB9C6722744F8300206F4B /* Extensions */,
				FEDB9C31227449AB00206F4B /* Resources */,
				FEAD17692275F7BB000157C1 /* PirateShips-Bridging-Header.h */,
				FEDB9C25227446D500206F4B /* Assets.xcassets */,
				FEDB9C2A227446D500206F4B /* Info.plist */,
			);
			path = "Supporting Files";
			sourceTree = "<group>";
		};
		FEDB9C31227449AB00206F4B /* Resources */ = {
			isa = PBXGroup;
			children = (
				FEDB9C22227446D300206F4B /* Main.storyboard */,
				FEDB9C27227446D500206F4B /* LaunchScreen.storyboard */,
			);
			path = Resources;
			sourceTree = "<group>";
		};
		FEDB9C4022744A3D00206F4B /* Scenes */ = {
			isa = PBXGroup;
			children = (
				FEDB9C832274528700206F4B /* Base */,
				FEDB9C7F2274528700206F4B /* ShipsList */,
				FEDB9C7B2274528700206F4B /* ShipDetails */,
			);
			path = Scenes;
			sourceTree = "<group>";
		};
		FEDB9C5622744E3F00206F4B /* PirateShipsTests */ = {
			isa = PBXGroup;
			children = (
				FEDB9C5722744E3F00206F4B /* PirateShipsTests.swift */,
				FEDB9C5922744E3F00206F4B /* Info.plist */,
			);
			path = PirateShipsTests;
			sourceTree = "<group>";
		};
		FEDB9C5F22744EC800206F4B /* Coordinators */ = {
			isa = PBXGroup;
			children = (
				FEDB9C6222744F1300206F4B /* Coordinator.swift */,
				FEDB9C6022744ED700206F4B /* MainCoordinator.swift */,
				FEDB9C8D2274532700206F4B /* ShipsListCoordinator.swift */,
				FEAD17702275F826000157C1 /* ShipDetailsCoordinator.swift */,
			);
			path = Coordinators;
			sourceTree = "<group>";
		};
		FEDB9C6422744F3900206F4B /* Services */ = {
			isa = PBXGroup;
			children = (
				FEDB9C6522744F4E00206F4B /* GenericError.swift */,
				FEAD176122758F97000157C1 /* FileSystem */,
				FEDB9C6C22744FFA00206F4B /* Networking */,
			);
			path = Services;
			sourceTree = "<group>";
		};
		FEDB9C6722744F8300206F4B /* Extensions */ = {
			isa = PBXGroup;
			children = (
				FE1312ED227457AD000264CC /* UICollectionView+extensions.swift */,
				FEDB9C8B2274530100206F4B /* BaseViewController+extensions.swift */,
				FEDB9C6822744FA800206F4B /* UIViewController+extensions.swift */,
				FEDB9C6A22744FBF00206F4B /* String+extensions.swift */,
				FEAD17672275BCBC000157C1 /* UIImage+extensions.swift */,
				FEAD177522760AC8000157C1 /* UIView+extensions.swift */,
			);
			path = Extensions;
			sourceTree = "<group>";
		};
		FEDB9C6C22744FFA00206F4B /* Networking */ = {
			isa = PBXGroup;
			children = (
				FEDB9C6D2274500300206F4B /* APIModels */,
				FEDB9C702274503400206F4B /* URLRouter.swift */,
				FEDB9C722274503D00206F4B /* NetworkService.swift */,
				FEDB9C742274504600206F4B /* RequestRealizer.swift */,
			);
			path = Networking;
			sourceTree = "<group>";
		};
		FEDB9C6D2274500300206F4B /* APIModels */ = {
			isa = PBXGroup;
			children = (
				FEDB9C6E2274500B00206F4B /* Ship.swift */,
				FE1312FA22745ECC000264CC /* Responses */,
			);
			path = APIModels;
			sourceTree = "<group>";
		};
		FEDB9C7B2274528700206F4B /* ShipDetails */ = {
			isa = PBXGroup;
			children = (
				FEDB9C7D2274528700206F4B /* Model */,
				FEDB9C7E2274528700206F4B /* View */,
				FEDB9C7C2274528700206F4B /* ViewModel */,
			);
			path = ShipDetails;
			sourceTree = "<group>";
		};
		FEDB9C7C2274528700206F4B /* ViewModel */ = {
			isa = PBXGroup;
			children = (
				FEAD176D2275F812000157C1 /* ShipDetailsViewModel.h */,
				FEAD176E2275F812000157C1 /* ShipDetailsViewModel.m */,
			);
			path = ViewModel;
			sourceTree = "<group>";
		};
		FEDB9C7D2274528700206F4B /* Model */ = {
			isa = PBXGroup;
			children = (
				FEAD17722275FC66000157C1 /* ShipDetails.h */,
				FEAD17732275FC66000157C1 /* ShipDetails.m */,
			);
			path = Model;
			sourceTree = "<group>";
		};
		FEDB9C7E2274528700206F4B /* View */ = {
			isa = PBXGroup;
			children = (
				FEAD176A2275F7BB000157C1 /* ShipDetailsViewController.h */,
				FEAD176B2275F7BB000157C1 /* ShipDetailsViewController.m */,
			);
			path = View;
			sourceTree = "<group>";
		};
		FEDB9C7F2274528700206F4B /* ShipsList */ = {
			isa = PBXGroup;
			children = (
				FEDB9C812274528700206F4B /* Model */,
				FEDB9C822274528700206F4B /* View */,
				FEDB9C802274528700206F4B /* ViewModel */,
			);
			path = ShipsList;
			sourceTree = "<group>";
		};
		FEDB9C802274528700206F4B /* ViewModel */ = {
			isa = PBXGroup;
			children = (
				FE1312EF227457E3000264CC /* ShipsListViewModel.swift */,
			);
			path = ViewModel;
			sourceTree = "<group>";
		};
		FEDB9C812274528700206F4B /* Model */ = {
			isa = PBXGroup;
			children = (
				FE1312F322745800000264CC /* ShipsListModel.swift */,
			);
			path = Model;
			sourceTree = "<group>";
		};
		FEDB9C822274528700206F4B /* View */ = {
			isa = PBXGroup;
			children = (
				FE1312F1227457F2000264CC /* ShipsListViewController.swift */,
				FE1312FD2274CE78000264CC /* Layouts */,
				FE1312F522745860000264CC /* Cells */,
			);
			path = View;
			sourceTree = "<group>";
		};
		FEDB9C832274528700206F4B /* Base */ = {
			isa = PBXGroup;
			children = (
				FEDB9C862274528700206F4B /* View */,
				FEDB9C842274528700206F4B /* ViewModel */,
			);
			path = Base;
			sourceTree = "<group>";
		};
		FEDB9C842274528700206F4B /* ViewModel */ = {
			isa = PBXGroup;
			children = (
				FEDB9C87227452AF00206F4B /* BaseViewModel.swift */,
			);
			path = ViewModel;
			sourceTree = "<group>";
		};
		FEDB9C862274528700206F4B /* View */ = {
			isa = PBXGroup;
			children = (
				FEDB9C89227452C700206F4B /* BaseViewController.swift */,
			);
			path = View;
			sourceTree = "<group>";
		};
/* End PBXGroup section */

/* Begin PBXNativeTarget section */
		FEDB9C1A227446D300206F4B /* PirateShips */ = {
			isa = PBXNativeTarget;
			buildConfigurationList = FEDB9C2D227446D500206F4B /* Build configuration list for PBXNativeTarget "PirateShips" */;
			buildPhases = (
				77DA440DDB7BCD80779F48A6 /* [CP] Check Pods Manifest.lock */,
				FEDB9C17227446D300206F4B /* Sources */,
				FEDB9C18227446D300206F4B /* Frameworks */,
				FEDB9C19227446D300206F4B /* Resources */,
				3DA0B92C4D33EED95756D8F2 /* [CP] Embed Pods Frameworks */,
			);
			buildRules = (
			);
			dependencies = (
			);
			name = PirateShips;
			productName = PirateShips;
			productReference = FEDB9C1B227446D300206F4B /* PirateShips.app */;
			productType = "com.apple.product-type.application";
		};
		FEDB9C5422744E3F00206F4B /* PirateShipsTests */ = {
			isa = PBXNativeTarget;
			buildConfigurationList = FEDB9C5C22744E3F00206F4B /* Build configuration list for PBXNativeTarget "PirateShipsTests" */;
			buildPhases = (
				5DCBF16F4EE388991766FEA4 /* [CP] Check Pods Manifest.lock */,
				FEDB9C5122744E3F00206F4B /* Sources */,
				FEDB9C5222744E3F00206F4B /* Frameworks */,
				FEDB9C5322744E3F00206F4B /* Resources */,
				6A5ED7EC7AF497C24B2B3A49 /* [CP] Embed Pods Frameworks */,
			);
			buildRules = (
			);
			dependencies = (
				FEDB9C5B22744E3F00206F4B /* PBXTargetDependency */,
			);
			name = PirateShipsTests;
			productName = PirateShipsTests;
			productReference = FEDB9C5522744E3F00206F4B /* PirateShipsTests.xctest */;
			productType = "com.apple.product-type.bundle.unit-test";
		};
/* End PBXNativeTarget section */

/* Begin PBXProject section */
		FEDB9C13227446D300206F4B /* Project object */ = {
			isa = PBXProject;
			attributes = {
				LastSwiftUpdateCheck = 1020;
				LastUpgradeCheck = 1020;
				ORGANIZATIONNAME = lyksa;
				TargetAttributes = {
					FEDB9C1A227446D300206F4B = {
						CreatedOnToolsVersion = 10.2.1;
						LastSwiftMigration = 1020;
					};
					FEDB9C5422744E3F00206F4B = {
						CreatedOnToolsVersion = 10.2.1;
						TestTargetID = FEDB9C1A227446D300206F4B;
					};
				};
			};
			buildConfigurationList = FEDB9C16227446D300206F4B /* Build configuration list for PBXProject "PirateShips" */;
			compatibilityVersion = "Xcode 9.3";
			developmentRegion = en;
			hasScannedForEncodings = 0;
			knownRegions = (
				en,
				Base,
			);
			mainGroup = FEDB9C12227446D300206F4B;
			productRefGroup = FEDB9C1C227446D300206F4B /* Products */;
			projectDirPath = "";
			projectRoot = "";
			targets = (
				FEDB9C1A227446D300206F4B /* PirateShips */,
				FEDB9C5422744E3F00206F4B /* PirateShipsTests */,
			);
		};
/* End PBXProject section */

/* Begin PBXResourcesBuildPhase section */
		FEDB9C19227446D300206F4B /* Resources */ = {
			isa = PBXResourcesBuildPhase;
			buildActionMask = 2147483647;
			files = (
				FEDB9C29227446D500206F4B /* LaunchScreen.storyboard in Resources */,
				FEDB9C26227446D500206F4B /* Assets.xcassets in Resources */,
				FE1312F92274587F000264CC /* ShipCollectionViewCell.xib in Resources */,
				FEDB9C24227446D300206F4B /* Main.storyboard in Resources */,
			);
			runOnlyForDeploymentPostprocessing = 0;
		};
		FEDB9C5322744E3F00206F4B /* Resources */ = {
			isa = PBXResourcesBuildPhase;
			buildActionMask = 2147483647;
			files = (
			);
			runOnlyForDeploymentPostprocessing = 0;
		};
/* End PBXResourcesBuildPhase section */

/* Begin PBXShellScriptBuildPhase section */
		3DA0B92C4D33EED95756D8F2 /* [CP] Embed Pods Frameworks */ = {
			isa = PBXShellScriptBuildPhase;
			buildActionMask = 2147483647;
			files = (
			);
			inputFileListPaths = (
			);
			inputPaths = (
				"${PODS_ROOT}/Target Support Files/Pods-PirateShips/Pods-PirateShips-frameworks.sh",
				"${BUILT_PRODUCTS_DIR}/Alamofire/Alamofire.framework",
				"${BUILT_PRODUCTS_DIR}/Differentiator/Differentiator.framework",
				"${BUILT_PRODUCTS_DIR}/RxAlamofire/RxAlamofire.framework",
				"${BUILT_PRODUCTS_DIR}/RxCocoa/RxCocoa.framework",
				"${BUILT_PRODUCTS_DIR}/RxDataSources/RxDataSources.framework",
				"${BUILT_PRODUCTS_DIR}/RxSwift/RxSwift.framework",
			);
			name = "[CP] Embed Pods Frameworks";
			outputFileListPaths = (
			);
			outputPaths = (
				"${TARGET_BUILD_DIR}/${FRAMEWORKS_FOLDER_PATH}/Alamofire.framework",
				"${TARGET_BUILD_DIR}/${FRAMEWORKS_FOLDER_PATH}/Differentiator.framework",
				"${TARGET_BUILD_DIR}/${FRAMEWORKS_FOLDER_PATH}/RxAlamofire.framework",
				"${TARGET_BUILD_DIR}/${FRAMEWORKS_FOLDER_PATH}/RxCocoa.framework",
				"${TARGET_BUILD_DIR}/${FRAMEWORKS_FOLDER_PATH}/RxDataSources.framework",
				"${TARGET_BUILD_DIR}/${FRAMEWORKS_FOLDER_PATH}/RxSwift.framework",
			);
			runOnlyForDeploymentPostprocessing = 0;
			shellPath = /bin/sh;
			shellScript = "\"${PODS_ROOT}/Target Support Files/Pods-PirateShips/Pods-PirateShips-frameworks.sh\"\n";
			showEnvVarsInLog = 0;
		};
		5DCBF16F4EE388991766FEA4 /* [CP] Check Pods Manifest.lock */ = {
			isa = PBXShellScriptBuildPhase;
			buildActionMask = 2147483647;
			files = (
			);
			inputFileListPaths = (
			);
			inputPaths = (
				"${PODS_PODFILE_DIR_PATH}/Podfile.lock",
				"${PODS_ROOT}/Manifest.lock",
			);
			name = "[CP] Check Pods Manifest.lock";
			outputFileListPaths = (
			);
			outputPaths = (
				"$(DERIVED_FILE_DIR)/Pods-PirateShipsTests-checkManifestLockResult.txt",
			);
			runOnlyForDeploymentPostprocessing = 0;
			shellPath = /bin/sh;
			shellScript = "diff \"${PODS_PODFILE_DIR_PATH}/Podfile.lock\" \"${PODS_ROOT}/Manifest.lock\" > /dev/null\nif [ $? != 0 ] ; then\n    # print error to STDERR\n    echo \"error: The sandbox is not in sync with the Podfile.lock. Run 'pod install' or update your CocoaPods installation.\" >&2\n    exit 1\nfi\n# This output is used by Xcode 'outputs' to avoid re-running this script phase.\necho \"SUCCESS\" > \"${SCRIPT_OUTPUT_FILE_0}\"\n";
			showEnvVarsInLog = 0;
		};
		6A5ED7EC7AF497C24B2B3A49 /* [CP] Embed Pods Frameworks */ = {
			isa = PBXShellScriptBuildPhase;
			buildActionMask = 2147483647;
			files = (
			);
			inputFileListPaths = (
			);
			inputPaths = (
				"${PODS_ROOT}/Target Support Files/Pods-PirateShipsTests/Pods-PirateShipsTests-frameworks.sh",
				"${BUILT_PRODUCTS_DIR}/RxSwift/RxSwift.framework",
				"${BUILT_PRODUCTS_DIR}/Nimble/Nimble.framework",
				"${BUILT_PRODUCTS_DIR}/Quick/Quick.framework",
				"${BUILT_PRODUCTS_DIR}/RxBlocking/RxBlocking.framework",
			);
			name = "[CP] Embed Pods Frameworks";
			outputFileListPaths = (
			);
			outputPaths = (
				"${TARGET_BUILD_DIR}/${FRAMEWORKS_FOLDER_PATH}/RxSwift.framework",
				"${TARGET_BUILD_DIR}/${FRAMEWORKS_FOLDER_PATH}/Nimble.framework",
				"${TARGET_BUILD_DIR}/${FRAMEWORKS_FOLDER_PATH}/Quick.framework",
				"${TARGET_BUILD_DIR}/${FRAMEWORKS_FOLDER_PATH}/RxBlocking.framework",
			);
			runOnlyForDeploymentPostprocessing = 0;
			shellPath = /bin/sh;
			shellScript = "\"${PODS_ROOT}/Target Support Files/Pods-PirateShipsTests/Pods-PirateShipsTests-frameworks.sh\"\n";
			showEnvVarsInLog = 0;
		};
		77DA440DDB7BCD80779F48A6 /* [CP] Check Pods Manifest.lock */ = {
			isa = PBXShellScriptBuildPhase;
			buildActionMask = 2147483647;
			files = (
			);
			inputFileListPaths = (
			);
			inputPaths = (
				"${PODS_PODFILE_DIR_PATH}/Podfile.lock",
				"${PODS_ROOT}/Manifest.lock",
			);
			name = "[CP] Check Pods Manifest.lock";
			outputFileListPaths = (
			);
			outputPaths = (
				"$(DERIVED_FILE_DIR)/Pods-PirateShips-checkManifestLockResult.txt",
			);
			runOnlyForDeploymentPostprocessing = 0;
			shellPath = /bin/sh;
			shellScript = "diff \"${PODS_PODFILE_DIR_PATH}/Podfile.lock\" \"${PODS_ROOT}/Manifest.lock\" > /dev/null\nif [ $? != 0 ] ; then\n    # print error to STDERR\n    echo \"error: The sandbox is not in sync with the Podfile.lock. Run 'pod install' or update your CocoaPods installation.\" >&2\n    exit 1\nfi\n# This output is used by Xcode 'outputs' to avoid re-running this script phase.\necho \"SUCCESS\" > \"${SCRIPT_OUTPUT_FILE_0}\"\n";
			showEnvVarsInLog = 0;
		};
/* End PBXShellScriptBuildPhase section */

/* Begin PBXSourcesBuildPhase section */
		FEDB9C17227446D300206F4B /* Sources */ = {
			isa = PBXSourcesBuildPhase;
			buildActionMask = 2147483647;
			files = (
				FEAD176322758FDE000157C1 /* FileService.swift in Sources */,
				FEDB9C6922744FA800206F4B /* UIViewController+extensions.swift in Sources */,
				FEDB9C88227452AF00206F4B /* BaseViewModel.swift in Sources */,
				FE1312F0227457E3000264CC /* ShipsListViewModel.swift in Sources */,
				FE1312FF2274CEA6000264CC /* PinterestLayout.swift in Sources */,
				FEDB9C752274504600206F4B /* RequestRealizer.swift in Sources */,
				FEDB9C6622744F4E00206F4B /* GenericError.swift in Sources */,
				FEDB9C6F2274500B00206F4B /* Ship.swift in Sources */,
				FEDB9C8A227452C700206F4B /* BaseViewController.swift in Sources */,
				FE1312F422745800000264CC /* ShipsListModel.swift in Sources */,
				FE1312F2227457F2000264CC /* ShipsListViewController.swift in Sources */,
				FE1312F82274587F000264CC /* ShipCollectionViewCell.swift in Sources */,
				FE1312EE227457AD000264CC /* UICollectionView+extensions.swift in Sources */,
				FEAD176C2275F7BB000157C1 /* ShipDetailsViewController.m in Sources */,
				FEDB9C1F227446D300206F4B /* AppDelegate.swift in Sources */,
				FEAD176622759ABA000157C1 /* ImageHandlerFacade.swift in Sources */,
				FEDB9C732274503D00206F4B /* NetworkService.swift in Sources */,
				FEDB9C8C2274530100206F4B /* BaseViewController+extensions.swift in Sources */,
				FEAD17742275FC66000157C1 /* ShipDetails.m in Sources */,
				FEDB9C6122744ED700206F4B /* MainCoordinator.swift in Sources */,
				FE1312FC22745EDC000264CC /* GetShipsResponse.swift in Sources */,
				FEDB9C6B22744FBF00206F4B /* String+extensions.swift in Sources */,
				FEAD177622760AC8000157C1 /* UIView+extensions.swift in Sources */,
				FEAD176F2275F812000157C1 /* ShipDetailsViewModel.m in Sources */,
				FEDB9C712274503400206F4B /* URLRouter.swift in Sources */,
				FEAD17712275F826000157C1 /* ShipDetailsCoordinator.swift in Sources */,
				FEDB9C8E2274532700206F4B /* ShipsListCoordinator.swift in Sources */,
				FEDB9C6322744F1300206F4B /* Coordinator.swift in Sources */,
				FEAD17682275BCBC000157C1 /* UIImage+extensions.swift in Sources */,
			);
			runOnlyForDeploymentPostprocessing = 0;
		};
		FEDB9C5122744E3F00206F4B /* Sources */ = {
			isa = PBXSourcesBuildPhase;
			buildActionMask = 2147483647;
			files = (
				FEDB9C5822744E3F00206F4B /* PirateShipsTests.swift in Sources */,
			);
			runOnlyForDeploymentPostprocessing = 0;
		};
/* End PBXSourcesBuildPhase section */

/* Begin PBXTargetDependency section */
		FEDB9C5B22744E3F00206F4B /* PBXTargetDependency */ = {
			isa = PBXTargetDependency;
			target = FEDB9C1A227446D300206F4B /* PirateShips */;
			targetProxy = FEDB9C5A22744E3F00206F4B /* PBXContainerItemProxy */;
		};
/* End PBXTargetDependency section */

/* Begin PBXVariantGroup section */
		FEDB9C22227446D300206F4B /* Main.storyboard */ = {
			isa = PBXVariantGroup;
			children = (
				FEDB9C23227446D300206F4B /* Base */,
			);
			name = Main.storyboard;
			sourceTree = "<group>";
		};
		FEDB9C27227446D500206F4B /* LaunchScreen.storyboard */ = {
			isa = PBXVariantGroup;
			children = (
				FEDB9C28227446D500206F4B /* Base */,
			);
			name = LaunchScreen.storyboard;
			sourceTree = "<group>";
		};
/* End PBXVariantGroup section */

/* Begin XCBuildConfiguration section */
		FEDB9C2B227446D500206F4B /* Debug */ = {
			isa = XCBuildConfiguration;
			buildSettings = {
				ALWAYS_SEARCH_USER_PATHS = NO;
				CLANG_ANALYZER_NONNULL = YES;
				CLANG_ANALYZER_NUMBER_OBJECT_CONVERSION = YES_AGGRESSIVE;
				CLANG_CXX_LANGUAGE_STANDARD = "gnu++14";
				CLANG_CXX_LIBRARY = "libc++";
				CLANG_ENABLE_MODULES = YES;
				CLANG_ENABLE_OBJC_ARC = YES;
				CLANG_ENABLE_OBJC_WEAK = YES;
				CLANG_WARN_BLOCK_CAPTURE_AUTORELEASING = YES;
				CLANG_WARN_BOOL_CONVERSION = YES;
				CLANG_WARN_COMMA = YES;
				CLANG_WARN_CONSTANT_CONVERSION = YES;
				CLANG_WARN_DEPRECATED_OBJC_IMPLEMENTATIONS = YES;
				CLANG_WARN_DIRECT_OBJC_ISA_USAGE = YES_ERROR;
				CLANG_WARN_DOCUMENTATION_COMMENTS = YES;
				CLANG_WARN_EMPTY_BODY = YES;
				CLANG_WARN_ENUM_CONVERSION = YES;
				CLANG_WARN_INFINITE_RECURSION = YES;
				CLANG_WARN_INT_CONVERSION = YES;
				CLANG_WARN_NON_LITERAL_NULL_CONVERSION = YES;
				CLANG_WARN_OBJC_IMPLICIT_RETAIN_SELF = YES;
				CLANG_WARN_OBJC_LITERAL_CONVERSION = YES;
				CLANG_WARN_OBJC_ROOT_CLASS = YES_ERROR;
				CLANG_WARN_RANGE_LOOP_ANALYSIS = YES;
				CLANG_WARN_STRICT_PROTOTYPES = YES;
				CLANG_WARN_SUSPICIOUS_MOVE = YES;
				CLANG_WARN_UNGUARDED_AVAILABILITY = YES_AGGRESSIVE;
				CLANG_WARN_UNREACHABLE_CODE = YES;
				CLANG_WARN__DUPLICATE_METHOD_MATCH = YES;
				CODE_SIGN_IDENTITY = "iPhone Developer";
				COPY_PHASE_STRIP = NO;
				DEBUG_INFORMATION_FORMAT = dwarf;
				ENABLE_STRICT_OBJC_MSGSEND = YES;
				ENABLE_TESTABILITY = YES;
				GCC_C_LANGUAGE_STANDARD = gnu11;
				GCC_DYNAMIC_NO_PIC = NO;
				GCC_NO_COMMON_BLOCKS = YES;
				GCC_OPTIMIZATION_LEVEL = 0;
				GCC_PREPROCESSOR_DEFINITIONS = (
					"DEBUG=1",
					"$(inherited)",
				);
				GCC_WARN_64_TO_32_BIT_CONVERSION = YES;
				GCC_WARN_ABOUT_RETURN_TYPE = YES_ERROR;
				GCC_WARN_UNDECLARED_SELECTOR = YES;
				GCC_WARN_UNINITIALIZED_AUTOS = YES_AGGRESSIVE;
				GCC_WARN_UNUSED_FUNCTION = YES;
				GCC_WARN_UNUSED_VARIABLE = YES;
				IPHONEOS_DEPLOYMENT_TARGET = 12.2;
				MTL_ENABLE_DEBUG_INFO = INCLUDE_SOURCE;
				MTL_FAST_MATH = YES;
				ONLY_ACTIVE_ARCH = YES;
				SDKROOT = iphoneos;
				SWIFT_ACTIVE_COMPILATION_CONDITIONS = DEBUG;
				SWIFT_OPTIMIZATION_LEVEL = "-Onone";
			};
			name = Debug;
		};
		FEDB9C2C227446D500206F4B /* Release */ = {
			isa = XCBuildConfiguration;
			buildSettings = {
				ALWAYS_SEARCH_USER_PATHS = NO;
				CLANG_ANALYZER_NONNULL = YES;
				CLANG_ANALYZER_NUMBER_OBJECT_CONVERSION = YES_AGGRESSIVE;
				CLANG_CXX_LANGUAGE_STANDARD = "gnu++14";
				CLANG_CXX_LIBRARY = "libc++";
				CLANG_ENABLE_MODULES = YES;
				CLANG_ENABLE_OBJC_ARC = YES;
				CLANG_ENABLE_OBJC_WEAK = YES;
				CLANG_WARN_BLOCK_CAPTURE_AUTORELEASING = YES;
				CLANG_WARN_BOOL_CONVERSION = YES;
				CLANG_WARN_COMMA = YES;
				CLANG_WARN_CONSTANT_CONVERSION = YES;
				CLANG_WARN_DEPRECATED_OBJC_IMPLEMENTATIONS = YES;
				CLANG_WARN_DIRECT_OBJC_ISA_USAGE = YES_ERROR;
				CLANG_WARN_DOCUMENTATION_COMMENTS = YES;
				CLANG_WARN_EMPTY_BODY = YES;
				CLANG_WARN_ENUM_CONVERSION = YES;
				CLANG_WARN_INFINITE_RECURSION = YES;
				CLANG_WARN_INT_CONVERSION = YES;
				CLANG_WARN_NON_LITERAL_NULL_CONVERSION = YES;
				CLANG_WARN_OBJC_IMPLICIT_RETAIN_SELF = YES;
				CLANG_WARN_OBJC_LITERAL_CONVERSION = YES;
				CLANG_WARN_OBJC_ROOT_CLASS = YES_ERROR;
				CLANG_WARN_RANGE_LOOP_ANALYSIS = YES;
				CLANG_WARN_STRICT_PROTOTYPES = YES;
				CLANG_WARN_SUSPICIOUS_MOVE = YES;
				CLANG_WARN_UNGUARDED_AVAILABILITY = YES_AGGRESSIVE;
				CLANG_WARN_UNREACHABLE_CODE = YES;
				CLANG_WARN__DUPLICATE_METHOD_MATCH = YES;
				CODE_SIGN_IDENTITY = "iPhone Developer";
				COPY_PHASE_STRIP = NO;
				DEBUG_INFORMATION_FORMAT = "dwarf-with-dsym";
				ENABLE_NS_ASSERTIONS = NO;
				ENABLE_STRICT_OBJC_MSGSEND = YES;
				GCC_C_LANGUAGE_STANDARD = gnu11;
				GCC_NO_COMMON_BLOCKS = YES;
				GCC_WARN_64_TO_32_BIT_CONVERSION = YES;
				GCC_WARN_ABOUT_RETURN_TYPE = YES_ERROR;
				GCC_WARN_UNDECLARED_SELECTOR = YES;
				GCC_WARN_UNINITIALIZED_AUTOS = YES_AGGRESSIVE;
				GCC_WARN_UNUSED_FUNCTION = YES;
				GCC_WARN_UNUSED_VARIABLE = YES;
				IPHONEOS_DEPLOYMENT_TARGET = 12.2;
				MTL_ENABLE_DEBUG_INFO = NO;
				MTL_FAST_MATH = YES;
				SDKROOT = iphoneos;
				SWIFT_COMPILATION_MODE = wholemodule;
				SWIFT_OPTIMIZATION_LEVEL = "-O";
				VALIDATE_PRODUCT = YES;
			};
			name = Release;
		};
		FEDB9C2E227446D500206F4B /* Debug */ = {
			isa = XCBuildConfiguration;
			baseConfigurationReference = 82FFF1667E924CF3DD159455 /* Pods-PirateShips.debug.xcconfig */;
			buildSettings = {
				ASSETCATALOG_COMPILER_APPICON_NAME = AppIcon;
				CLANG_ENABLE_MODULES = YES;
				CODE_SIGN_STYLE = Automatic;
				DEVELOPMENT_TEAM = 3HY885L7L9;
				INFOPLIST_FILE = "$(SRCROOT)/PirateShips/Supporting Files/Info.plist";
				IPHONEOS_DEPLOYMENT_TARGET = 10.0;
				LD_RUNPATH_SEARCH_PATHS = (
					"$(inherited)",
					"@executable_path/Frameworks",
				);
				PRODUCT_BUNDLE_IDENTIFIER = com.pirate.ships;
				PRODUCT_NAME = "$(TARGET_NAME)";
				SWIFT_OBJC_BRIDGING_HEADER = "PirateShips/Supporting Files/PirateShips-Bridging-Header.h";
				SWIFT_OPTIMIZATION_LEVEL = "-Onone";
				SWIFT_VERSION = 5.0;
				TARGETED_DEVICE_FAMILY = "1,2";
			};
			name = Debug;
		};
		FEDB9C2F227446D500206F4B /* Release */ = {
			isa = XCBuildConfiguration;
			baseConfigurationReference = 7233E3AACF7FFD1A7D1AC7EC /* Pods-PirateShips.release.xcconfig */;
			buildSettings = {
				ASSETCATALOG_COMPILER_APPICON_NAME = AppIcon;
				CLANG_ENABLE_MODULES = YES;
				CODE_SIGN_STYLE = Automatic;
				DEVELOPMENT_TEAM = 3HY885L7L9;
				INFOPLIST_FILE = "$(SRCROOT)/PirateShips/Supporting Files/Info.plist";
				IPHONEOS_DEPLOYMENT_TARGET = 10.0;
				LD_RUNPATH_SEARCH_PATHS = (
					"$(inherited)",
					"@executable_path/Frameworks",
				);
				PRODUCT_BUNDLE_IDENTIFIER = com.pirate.ships;
				PRODUCT_NAME = "$(TARGET_NAME)";
				SWIFT_OBJC_BRIDGING_HEADER = "PirateShips/Supporting Files/PirateShips-Bridging-Header.h";
				SWIFT_VERSION = 5.0;
				TARGETED_DEVICE_FAMILY = "1,2";
			};
			name = Release;
		};
		FEDB9C5D22744E3F00206F4B /* Debug */ = {
			isa = XCBuildConfiguration;
			baseConfigurationReference = 3ECACBAEB62290FF065BEE7B /* Pods-PirateShipsTests.debug.xcconfig */;
			buildSettings = {
				BUNDLE_LOADER = "$(TEST_HOST)";
				CODE_SIGN_STYLE = Automatic;
				DEVELOPMENT_TEAM = 3HY885L7L9;
				INFOPLIST_FILE = PirateShipsTests/Info.plist;
				LD_RUNPATH_SEARCH_PATHS = (
					"$(inherited)",
					"@executable_path/Frameworks",
					"@loader_path/Frameworks",
				);
				PRODUCT_BUNDLE_IDENTIFIER = com.lyksa.artem.PirateShipsTests;
				PRODUCT_NAME = "$(TARGET_NAME)";
				SWIFT_VERSION = 5.0;
				TARGETED_DEVICE_FAMILY = "1,2";
				TEST_HOST = "$(BUILT_PRODUCTS_DIR)/PirateShips.app/PirateShips";
			};
			name = Debug;
		};
		FEDB9C5E22744E3F00206F4B /* Release */ = {
			isa = XCBuildConfiguration;
			baseConfigurationReference = E2A504F181BC3A383B488424 /* Pods-PirateShipsTests.release.xcconfig */;
			buildSettings = {
				BUNDLE_LOADER = "$(TEST_HOST)";
				CODE_SIGN_STYLE = Automatic;
				DEVELOPMENT_TEAM = 3HY885L7L9;
				INFOPLIST_FILE = PirateShipsTests/Info.plist;
				LD_RUNPATH_SEARCH_PATHS = (
					"$(inherited)",
					"@executable_path/Frameworks",
					"@loader_path/Frameworks",
				);
				PRODUCT_BUNDLE_IDENTIFIER = com.lyksa.artem.PirateShipsTests;
				PRODUCT_NAME = "$(TARGET_NAME)";
				SWIFT_VERSION = 5.0;
				TARGETED_DEVICE_FAMILY = "1,2";
				TEST_HOST = "$(BUILT_PRODUCTS_DIR)/PirateShips.app/PirateShips";
			};
			name = Release;
		};
/* End XCBuildConfiguration section */

/* Begin XCConfigurationList section */
		FEDB9C16227446D300206F4B /* Build configuration list for PBXProject "PirateShips" */ = {
			isa = XCConfigurationList;
			buildConfigurations = (
				FEDB9C2B227446D500206F4B /* Debug */,
				FEDB9C2C227446D500206F4B /* Release */,
			);
			defaultConfigurationIsVisible = 0;
			defaultConfigurationName = Release;
		};
		FEDB9C2D227446D500206F4B /* Build configuration list for PBXNativeTarget "PirateShips" */ = {
			isa = XCConfigurationList;
			buildConfigurations = (
				FEDB9C2E227446D500206F4B /* Debug */,
				FEDB9C2F227446D500206F4B /* Release */,
			);
			defaultConfigurationIsVisible = 0;
			defaultConfigurationName = Release;
		};
		FEDB9C5C22744E3F00206F4B /* Build configuration list for PBXNativeTarget "PirateShipsTests" */ = {
			isa = XCConfigurationList;
			buildConfigurations = (
				FEDB9C5D22744E3F00206F4B /* Debug */,
				FEDB9C5E22744E3F00206F4B /* Release */,
			);
			defaultConfigurationIsVisible = 0;
			defaultConfigurationName = Release;
		};
/* End XCConfigurationList section */
	};
	rootObject = FEDB9C13227446D300206F4B /* Project object */;
}
